
Microsoft Visual Studio Solution File, Format Version 12.00
# Visual Studio Version 16
VisualStudioVersion = 16.0.29102.190
MinimumVisualStudioVersion = 10.0.40219.1
Project("{FAE04EC0-301F-11D3-BF4B-00C04F79EFBC}") = "ScanArchiving", "ScanArchiving\ScanArchiving.csproj", "{AE0C31BF-E5D6-41FC-B2FA-9A52473584E6}"
EndProject
Global
	GlobalSection(SolutionConfigurationPlatforms) = preSolution
		Debug|Any CPU = Debug|Any CPU
		Release|Any CPU = Release|Any CPU
	EndGlobalSection
	GlobalSection(ProjectConfigurationPlatforms) = postSolution
		{AE0C31BF-E5D6-41FC-B2FA-9A52473584E6}.Debug|Any CPU.ActiveCfg = Debug|Any CPU
		{AE0C31BF-E5D6-41FC-B2FA-9A52473584E6}.Debug|Any CPU.Build.0 = Debug|Any CPU
		{AE0C31BF-E5D6-41FC-B2FA-9A52473584E6}.Release|Any CPU.ActiveCfg = Release|Any CPU
		{AE0C31BF-E5D6-41FC-B2FA-9A52473584E6}.Release|Any CPU.Build.0 = Release|Any CPU
	EndGlobalSection
	GlobalSection(SolutionProperties) = preSolution
		HideSolutionNode = FALSE
	EndGlobalSection
	GlobalSection(ExtensibilityGlobals) = postSolution
		SolutionGuid = {A8D26C8A-9532-4A11-8DFA-65DAC88315B6}
	EndGlobalSection
EndGlobal
